// !$*UTF8*$!
{
	archiveVersion = 1;
	classes = {
	};
	objectVersion = 46;
	objects = {

/* Begin PBXBuildFile section */
		04624ADD1B60EC470058040D /* suzie_qcif.yuv in Resources */ = {isa = PBXBuildFile; fileRef = 04624ADC1B60EC470058040D /* suzie_qcif.yuv */; };
		04624C891B675F1D0058040D /* 1.yuv in Resources */ = {isa = PBXBuildFile; fileRef = 04624C881B675F1D0058040D /* 1.yuv */; };
		04E968CD1B60C461002FE69B /* main.m in Sources */ = {isa = PBXBuildFile; fileRef = 04E968CC1B60C461002FE69B /* main.m */; };
		04E968D01B60C461002FE69B /* AppDelegate.m in Sources */ = {isa = PBXBuildFile; fileRef = 04E968CF1B60C461002FE69B /* AppDelegate.m */; };
		04E968D31B60C461002FE69B /* ViewController.m in Sources */ = {isa = PBXBuildFile; fileRef = 04E968D21B60C461002FE69B /* ViewController.m */; };
		04E968D61B60C461002FE69B /* Main.storyboard in Resources */ = {isa = PBXBuildFile; fileRef = 04E968D41B60C461002FE69B /* Main.storyboard */; };
		04E968D81B60C461002FE69B /* Images.xcassets in Resources */ = {isa = PBXBuildFile; fileRef = 04E968D71B60C461002FE69B /* Images.xcassets */; };
		04E968DB1B60C461002FE69B /* LaunchScreen.xib in Resources */ = {isa = PBXBuildFile; fileRef = 04E968D91B60C461002FE69B /* LaunchScreen.xib */; };
		04E968E71B60C461002FE69B /* YUVToImageTests.m in Sources */ = {isa = PBXBuildFile; fileRef = 04E968E61B60C461002FE69B /* YUVToImageTests.m */; };
		04E968F21B60C48F002FE69B /* YUVObj.mm in Sources */ = {isa = PBXBuildFile; fileRef = 04E968F11B60C48F002FE69B /* YUVObj.mm */; };
		04E968F41B60C644002FE69B /* akiyo_qcif.yuv in Resources */ = {isa = PBXBuildFile; fileRef = 04E968F31B60C644002FE69B /* akiyo_qcif.yuv */; };
		04E968F71B60D798002FE69B /* OpenGLYUV420P.m in Sources */ = {isa = PBXBuildFile; fileRef = 04E968F61B60D798002FE69B /* OpenGLYUV420P.m */; };
		04E968F91B60E54F002FE69B /* akiyo_cif.yuv in Resources */ = {isa = PBXBuildFile; fileRef = 04E968F81B60E54F002FE69B /* akiyo_cif.yuv */; };
/* End PBXBuildFile section */

/* Begin PBXContainerItemProxy section */
		04E968E11B60C461002FE69B /* PBXContainerItemProxy */ = {
			isa = PBXContainerItemProxy;
			containerPortal = 04E968BF1B60C461002FE69B /* Project object */;
			proxyType = 1;
			remoteGlobalIDString = 04E968C61B60C461002FE69B;
			remoteInfo = YUVToImage;
		};
/* End PBXContainerItemProxy section */

/* Begin PBXFileReference section */
		04624ADC1B60EC470058040D /* suzie_qcif.yuv */ = {isa = PBXFileReference; fileEncoding = 4; lastKnownFileType = text; path = suzie_qcif.yuv; sourceTree = "<group>"; };
		04624C881B675F1D0058040D /* 1.yuv */ = {isa = PBXFileReference; fileEncoding = 4; lastKnownFileType = text; path = 1.yuv; sourceTree = "<group>"; };
		04E968C71B60C461002FE69B /* YUVToImage.app */ = {isa = PBXFileReference; explicitFileType = wrapper.application; includeInIndex = 0; path = YUVToImage.app; sourceTree = BUILT_PRODUCTS_DIR; };
		04E968CB1B60C461002FE69B /* Info.plist */ = {isa = PBXFileReference; lastKnownFileType = text.plist.xml; path = Info.plist; sourceTree = "<group>"; };
		04E968CC1B60C461002FE69B /* main.m */ = {isa = PBXFileReference; lastKnownFileType = sourcecode.c.objc; path = main.m; sourceTree = "<group>"; };
		04E968CE1B60C461002FE69B /* AppDelegate.h */ = {isa = PBXFileReference; lastKnownFileType = sourcecode.c.h; path = AppDelegate.h; sourceTree = "<group>"; };
		04E968CF1B60C461002FE69B /* AppDelegate.m */ = {isa = PBXFileReference; lastKnownFileType = sourcecode.c.objc; path = AppDelegate.m; sourceTree = "<group>"; };
		04E968D11B60C461002FE69B /* ViewController.h */ = {isa = PBXFileReference; lastKnownFileType = sourcecode.c.h; path = ViewController.h; sourceTree = "<group>"; };
		04E968D21B60C461002FE69B /* ViewController.m */ = {isa = PBXFileReference; lastKnownFileType = sourcecode.c.objc; path = ViewController.m; sourceTree = "<group>"; };
		04E968D51B60C461002FE69B /* Base */ = {isa = PBXFileReference; lastKnownFileType = file.storyboard; name = Base; path = Base.lproj/Main.storyboard; sourceTree = "<group>"; };
		04E968D71B60C461002FE69B /* Images.xcassets */ = {isa = PBXFileReference; lastKnownFileType = folder.assetcatalog; path = Images.xcassets; sourceTree = "<group>"; };
		04E968DA1B60C461002FE69B /* Base */ = {isa = PBXFileReference; lastKnownFileType = file.xib; name = Base; path = Base.lproj/LaunchScreen.xib; sourceTree = "<group>"; };
		04E968E01B60C461002FE69B /* YUVToImageTests.xctest */ = {isa = PBXFileReference; explicitFileType = wrapper.cfbundle; includeInIndex = 0; path = YUVToImageTests.xctest; sourceTree = BUILT_PRODUCTS_DIR; };
		04E968E51B60C461002FE69B /* Info.plist */ = {isa = PBXFileReference; lastKnownFileType = text.plist.xml; path = Info.plist; sourceTree = "<group>"; };
		04E968E61B60C461002FE69B /* YUVToImageTests.m */ = {isa = PBXFileReference; lastKnownFileType = sourcecode.c.objc; path = YUVToImageTests.m; sourceTree = "<group>"; };
		04E968F01B60C48F002FE69B /* YUVObj.h */ = {isa = PBXFileReference; fileEncoding = 4; lastKnownFileType = sourcecode.c.h; path = YUVObj.h; sourceTree = "<group>"; };
		04E968F11B60C48F002FE69B /* YUVObj.mm */ = {isa = PBXFileReference; fileEncoding = 4; lastKnownFileType = sourcecode.cpp.objcpp; path = YUVObj.mm; sourceTree = "<group>"; };
		04E968F31B60C644002FE69B /* akiyo_qcif.yuv */ = {isa = PBXFileReference; fileEncoding = 4; lastKnownFileType = text; path = akiyo_qcif.yuv; sourceTree = "<group>"; };
		04E968F51B60D798002FE69B /* OpenGLYUV420P.h */ = {isa = PBXFileReference; fileEncoding = 4; lastKnownFileType = sourcecode.c.h; path = OpenGLYUV420P.h; sourceTree = "<group>"; };
		04E968F61B60D798002FE69B /* OpenGLYUV420P.m */ = {isa = PBXFileReference; fileEncoding = 4; lastKnownFileType = sourcecode.c.objc; path = OpenGLYUV420P.m; sourceTree = "<group>"; };
		04E968F81B60E54F002FE69B /* akiyo_cif.yuv */ = {isa = PBXFileReference; fileEncoding = 4; lastKnownFileType = text; path = akiyo_cif.yuv; sourceTree = "<group>"; };
/* End PBXFileReference section */

/* Begin PBXFrameworksBuildPhase section */
		04E968C41B60C461002FE69B /* Frameworks */ = {
			isa = PBXFrameworksBuildPhase;
			buildActionMask = 2147483647;
			files = (
			);
			runOnlyForDeploymentPostprocessing = 0;
		};
		04E968DD1B60C461002FE69B /* Frameworks */ = {
			isa = PBXFrameworksBuildPhase;
			buildActionMask = 2147483647;
			files = (
			);
			runOnlyForDeploymentPostprocessing = 0;
		};
/* End PBXFrameworksBuildPhase section */

/* Begin PBXGroup section */
		04E968BE1B60C461002FE69B = {
			isa = PBXGroup;
			children = (
				04E968C91B60C461002FE69B /* YUVToImage */,
				04E968E31B60C461002FE69B /* YUVToImageTests */,
				04E968C81B60C461002FE69B /* Products */,
			);
			sourceTree = "<group>";
		};
		04E968C81B60C461002FE69B /* Products */ = {
			isa = PBXGroup;
			children = (
				04E968C71B60C461002FE69B /* YUVToImage.app */,
				04E968E01B60C461002FE69B /* YUVToImageTests.xctest */,
			);
			name = Products;
			sourceTree = "<group>";
		};
		04E968C91B60C461002FE69B /* YUVToImage */ = {
			isa = PBXGroup;
			children = (
				04624C881B675F1D0058040D /* 1.yuv */,
				04E968CE1B60C461002FE69B /* AppDelegate.h */,
				04E968CF1B60C461002FE69B /* AppDelegate.m */,
				04E968D11B60C461002FE69B /* ViewController.h */,
				04E968D21B60C461002FE69B /* ViewController.m */,
				04E968D41B60C461002FE69B /* Main.storyboard */,
				04E968D71B60C461002FE69B /* Images.xcassets */,
				04E968D91B60C461002FE69B /* LaunchScreen.xib */,
				04E968CA1B60C461002FE69B /* Supporting Files */,
				04E968F01B60C48F002FE69B /* YUVObj.h */,
				04E968F11B60C48F002FE69B /* YUVObj.mm */,
				04E968F51B60D798002FE69B /* OpenGLYUV420P.h */,
				04E968F61B60D798002FE69B /* OpenGLYUV420P.m */,
			);
			path = YUVToImage;
			sourceTree = "<group>";
		};
		04E968CA1B60C461002FE69B /* Supporting Files */ = {
			isa = PBXGroup;
			children = (
				04E968F81B60E54F002FE69B /* akiyo_cif.yuv */,
				04624ADC1B60EC470058040D /* suzie_qcif.yuv */,
				04E968F31B60C644002FE69B /* akiyo_qcif.yuv */,
				04E968CB1B60C461002FE69B /* Info.plist */,
				04E968CC1B60C461002FE69B /* main.m */,
			);
			name = "Supporting Files";
			sourceTree = "<group>";
		};
		04E968E31B60C461002FE69B /* YUVToImageTests */ = {
			isa = PBXGroup;
			children = (
				04E968E61B60C461002FE69B /* YUVToImageTests.m */,
				04E968E41B60C461002FE69B /* Supporting Files */,
			);
			path = YUVToImageTests;
			sourceTree = "<group>";
		};
		04E968E41B60C461002FE69B /* Supporting Files */ = {
			isa = PBXGroup;
			children = (
				04E968E51B60C461002FE69B /* Info.plist */,
			);
			name = "Supporting Files";
			sourceTree = "<group>";
		};
/* End PBXGroup section */

/* Begin PBXNativeTarget section */
		04E968C61B60C461002FE69B /* YUVToImage */ = {
			isa = PBXNativeTarget;
			buildConfigurationList = 04E968EA1B60C461002FE69B /* Build configuration list for PBXNativeTarget "YUVToImage" */;
			buildPhases = (
				04E968C31B60C461002FE69B /* Sources */,
				04E968C41B60C461002FE69B /* Frameworks */,
				04E968C51B60C461002FE69B /* Resources */,
			);
			buildRules = (
			);
			dependencies = (
			);
			name = YUVToImage;
			productName = YUVToImage;
			productReference = 04E968C71B60C461002FE69B /* YUVToImage.app */;
			productType = "com.apple.product-type.application";
		};
		04E968DF1B60C461002FE69B /* YUVToImageTests */ = {
			isa = PBXNativeTarget;
			buildConfigurationList = 04E968ED1B60C461002FE69B /* Build configuration list for PBXNativeTarget "YUVToImageTests" */;
			buildPhases = (
				04E968DC1B60C461002FE69B /* Sources */,
				04E968DD1B60C461002FE69B /* Frameworks */,
				04E968DE1B60C461002FE69B /* Resources */,
			);
			buildRules = (
			);
			dependencies = (
				04E968E21B60C461002FE69B /* PBXTargetDependency */,
			);
			name = YUVToImageTests;
			productName = YUVToImageTests;
			productReference = 04E968E01B60C461002FE69B /* YUVToImageTests.xctest */;
			productType = "com.apple.product-type.bundle.unit-test";
		};
/* End PBXNativeTarget section */

/* Begin PBXProject section */
		04E968BF1B60C461002FE69B /* Project object */ = {
			isa = PBXProject;
			attributes = {
				LastUpgradeCheck = 0630;
				ORGANIZATIONNAME = mac;
				TargetAttributes = {
					04E968C61B60C461002FE69B = {
						CreatedOnToolsVersion = 6.3;
					};
					04E968DF1B60C461002FE69B = {
						CreatedOnToolsVersion = 6.3;
						TestTargetID = 04E968C61B60C461002FE69B;
					};
				};
			};
			buildConfigurationList = 04E968C21B60C461002FE69B /* Build configuration list for PBXProject "YUVToImage" */;
			compatibilityVersion = "Xcode 3.2";
			developmentRegion = English;
			hasScannedForEncodings = 0;
			knownRegions = (
				en,
				Base,
			);
			mainGroup = 04E968BE1B60C461002FE69B;
			productRefGroup = 04E968C81B60C461002FE69B /* Products */;
			projectDirPath = "";
			projectRoot = "";
			targets = (
				04E968C61B60C461002FE69B /* YUVToImage */,
				04E968DF1B60C461002FE69B /* YUVToImageTests */,
			);
		};
/* End PBXProject section */

/* Begin PBXResourcesBuildPhase section */
		04E968C51B60C461002FE69B /* Resources */ = {
			isa = PBXResourcesBuildPhase;
			buildActionMask = 2147483647;
			files = (
				04E968D61B60C461002FE69B /* Main.storyboard in Resources */,
				04E968F91B60E54F002FE69B /* akiyo_cif.yuv in Resources */,
				04624C891B675F1D0058040D /* 1.yuv in Resources */,
				04624ADD1B60EC470058040D /* suzie_qcif.yuv in Resources */,
				04E968DB1B60C461002FE69B /* LaunchScreen.xib in Resources */,
				04E968D81B60C461002FE69B /* Images.xcassets in Resources */,
				04E968F41B60C644002FE69B /* akiyo_qcif.yuv in Resources */,
			);
			runOnlyForDeploymentPostprocessing = 0;
		};
		04E968DE1B60C461002FE69B /* Resources */ = {
			isa = PBXResourcesBuildPhase;
			buildActionMask = 2147483647;
			files = (
			);
			runOnlyForDeploymentPostprocessing = 0;
		};
/* End PBXResourcesBuildPhase section */

/* Begin PBXSourcesBuildPhase section */
		04E968C31B60C461002FE69B /* Sources */ = {
			isa = PBXSourcesBuildPhase;
			buildActionMask = 2147483647;
			files = (
				04E968D31B60C461002FE69B /* ViewController.m in Sources */,
				04E968D01B60C461002FE69B /* AppDelegate.m in Sources */,
				04E968F21B60C48F002FE69B /* YUVObj.mm in Sources */,
				04E968CD1B60C461002FE69B /* main.m in Sources */,
				04E968F71B60D798002FE69B /* OpenGLYUV420P.m in Sources */,
			);
			runOnlyForDeploymentPostprocessing = 0;
		};
		04E968DC1B60C461002FE69B /* Sources */ = {
			isa = PBXSourcesBuildPhase;
			buildActionMask = 2147483647;
			files = (
				04E968E71B60C461002FE69B /* YUVToImageTests.m in Sources */,
			);
			runOnlyForDeploymentPostprocessing = 0;
		};
/* End PBXSourcesBuildPhase section */

/* Begin PBXTargetDependency section */
		04E968E21B60C461002FE69B /* PBXTargetDependency */ = {
			isa = PBXTargetDependency;
			target = 04E968C61B60C461002FE69B /* YUVToImage */;
			targetProxy = 04E968E11B60C461002FE69B /* PBXContainerItemProxy */;
		};
/* End PBXTargetDependency section */

/* Begin PBXVariantGroup section */
		04E968D41B60C461002FE69B /* Main.storyboard */ = {
			isa = PBXVariantGroup;
			children = (
				04E968D51B60C461002FE69B /* Base */,
			);
			name = Main.storyboard;
			sourceTree = "<group>";
		};
		04E968D91B60C461002FE69B /* LaunchScreen.xib */ = {
			isa = PBXVariantGroup;
			children = (
				04E968DA1B60C461002FE69B /* Base */,
			);
			name = LaunchScreen.xib;
			sourceTree = "<group>";
		};
/* End PBXVariantGroup section */

/* Begin XCBuildConfiguration section */
		04E968E81B60C461002FE69B /* Debug */ = {
			isa = XCBuildConfiguration;
			buildSettings = {
				ALWAYS_SEARCH_USER_PATHS = NO;
				CLANG_CXX_LANGUAGE_STANDARD = "gnu++0x";
				CLANG_CXX_LIBRARY = "libc++";
				CLANG_ENABLE_MODULES = YES;
				CLANG_ENABLE_OBJC_ARC = YES;
				CLANG_WARN_BOOL_CONVERSION = YES;
				CLANG_WARN_CONSTANT_CONVERSION = YES;
				CLANG_WARN_DIRECT_OBJC_ISA_USAGE = YES_ERROR;
				CLANG_WARN_EMPTY_BODY = YES;
				CLANG_WARN_ENUM_CONVERSION = YES;
				CLANG_WARN_INT_CONVERSION = YES;
				CLANG_WARN_OBJC_ROOT_CLASS = YES_ERROR;
				CLANG_WARN_UNREACHABLE_CODE = YES;
				CLANG_WARN__DUPLICATE_METHOD_MATCH = YES;
				"CODE_SIGN_IDENTITY[sdk=iphoneos*]" = "iPhone Developer";
				COPY_PHASE_STRIP = NO;
				DEBUG_INFORMATION_FORMAT = "dwarf-with-dsym";
				ENABLE_STRICT_OBJC_MSGSEND = YES;
				GCC_C_LANGUAGE_STANDARD = gnu99;
				GCC_DYNAMIC_NO_PIC = NO;
				GCC_NO_COMMON_BLOCKS = YES;
				GCC_OPTIMIZATION_LEVEL = 0;
				GCC_PREPROCESSOR_DEFINITIONS = (
					"DEBUG=1",
					"$(inherited)",
				);
				GCC_SYMBOLS_PRIVATE_EXTERN = NO;
				GCC_WARN_64_TO_32_BIT_CONVERSION = YES;
				GCC_WARN_ABOUT_RETURN_TYPE = YES_ERROR;
				GCC_WARN_UNDECLARED_SELECTOR = YES;
				GCC_WARN_UNINITIALIZED_AUTOS = YES_AGGRESSIVE;
				GCC_WARN_UNUSED_FUNCTION = YES;
				GCC_WARN_UNUSED_VARIABLE = YES;
				IPHONEOS_DEPLOYMENT_TARGET = 8.3;
				MTL_ENABLE_DEBUG_INFO = YES;
				ONLY_ACTIVE_ARCH = YES;
				SDKROOT = iphoneos;
				TARGETED_DEVICE_FAMILY = "1,2";
			};
			name = Debug;
		};
		04E968E91B60C461002FE69B /* Release */ = {
			isa = XCBuildConfiguration;
			buildSettings = {
				ALWAYS_SEARCH_USER_PATHS = NO;
				CLANG_CXX_LANGUAGE_STANDARD = "gnu++0x";
				CLANG_CXX_LIBRARY = "libc++";
				CLANG_ENABLE_MODULES = YES;
				CLANG_ENABLE_OBJC_ARC = YES;
				CLANG_WARN_BOOL_CONVERSION = YES;
				CLANG_WARN_CONSTANT_CONVERSION = YES;
				CLANG_WARN_DIRECT_OBJC_ISA_USAGE = YES_ERROR;
				CLANG_WARN_EMPTY_BODY = YES;
				CLANG_WARN_ENUM_CONVERSION = YES;
				CLANG_WARN_INT_CONVERSION = YES;
				CLANG_WARN_OBJC_ROOT_CLASS = YES_ERROR;
				CLANG_WARN_UNREACHABLE_CODE = YES;
				CLANG_WARN__DUPLICATE_METHOD_MATCH = YES;
				"CODE_SIGN_IDENTITY[sdk=iphoneos*]" = "iPhone Developer";
				COPY_PHASE_STRIP = NO;
				DEBUG_INFORMATION_FORMAT = "dwarf-with-dsym";
				ENABLE_NS_ASSERTIONS = NO;
				ENABLE_STRICT_OBJC_MSGSEND = YES;
				GCC_C_LANGUAGE_STANDARD = gnu99;
				GCC_NO_COMMON_BLOCKS = YES;
				GCC_WARN_64_TO_32_BIT_CONVERSION = YES;
				GCC_WARN_ABOUT_RETURN_TYPE = YES_ERROR;
				GCC_WARN_UNDECLARED_SELECTOR = YES;
				GCC_WARN_UNINITIALIZED_AUTOS = YES_AGGRESSIVE;
				GCC_WARN_UNUSED_FUNCTION = YES;
				GCC_WARN_UNUSED_VARIABLE = YES;
				IPHONEOS_DEPLOYMENT_TARGET = 8.3;
				MTL_ENABLE_DEBUG_INFO = NO;
				SDKROOT = iphoneos;
				TARGETED_DEVICE_FAMILY = "1,2";
				VALIDATE_PRODUCT = YES;
			};
			name = Release;
		};
		04E968EB1B60C461002FE69B /* Debug */ = {
			isa = XCBuildConfiguration;
			buildSettings = {
				ASSETCATALOG_COMPILER_APPICON_NAME = AppIcon;
				INFOPLIST_FILE = YUVToImage/Info.plist;
				LD_RUNPATH_SEARCH_PATHS = "$(inherited) @executable_path/Frameworks";
				PRODUCT_NAME = "$(TARGET_NAME)";
			};
			name = Debug;
		};
		04E968EC1B60C461002FE69B /* Release */ = {
			isa = XCBuildConfiguration;
			buildSettings = {
				ASSETCATALOG_COMPILER_APPICON_NAME = AppIcon;
				INFOPLIST_FILE = YUVToImage/Info.plist;
				LD_RUNPATH_SEARCH_PATHS = "$(inherited) @executable_path/Frameworks";
				PRODUCT_NAME = "$(TARGET_NAME)";
			};
			name = Release;
		};
		04E968EE1B60C461002FE69B /* Debug */ = {
			isa = XCBuildConfiguration;
			buildSettings = {
				BUNDLE_LOADER = "$(TEST_HOST)";
				FRAMEWORK_SEARCH_PATHS = (
					"$(SDKROOT)/Developer/Library/Frameworks",
					"$(inherited)",
				);
				GCC_PREPROCESSOR_DEFINITIONS = (
					"DEBUG=1",
					"$(inherited)",
				);
				INFOPLIST_FILE = YUVToImageTests/Info.plist;
				LD_RUNPATH_SEARCH_PATHS = "$(inherited) @executable_path/Frameworks @loader_path/Frameworks";
				PRODUCT_NAME = "$(TARGET_NAME)";
				TEST_HOST = "$(BUILT_PRODUCTS_DIR)/YUVToImage.app/YUVToImage";
			};
			name = Debug;
		};
		04E968EF1B60C461002FE69B /* Release */ = {
			isa = XCBuildConfiguration;
			buildSettings = {
				BUNDLE_LOADER = "$(TEST_HOST)";
				FRAMEWORK_SEARCH_PATHS = (
					"$(SDKROOT)/Developer/Library/Frameworks",
					"$(inherited)",
				);
				INFOPLIST_FILE = YUVToImageTests/Info.plist;
				LD_RUNPATH_SEARCH_PATHS = "$(inherited) @executable_path/Frameworks @loader_path/Frameworks";
				PRODUCT_NAME = "$(TARGET_NAME)";
				TEST_HOST = "$(BUILT_PRODUCTS_DIR)/YUVToImage.app/YUVToImage";
			};
			name = Release;
		};
/* End XCBuildConfiguration section */

/* Begin XCConfigurationList section */
		04E968C21B60C461002FE69B /* Build configuration list for PBXProject "YUVToImage" */ = {
			isa = XCConfigurationList;
			buildConfigurations = (
				04E968E81B60C461002FE69B /* Debug */,
				04E968E91B60C461002FE69B /* Release */,
			);
			defaultConfigurationIsVisible = 0;
			defaultConfigurationName = Release;
		};
		04E968EA1B60C461002FE69B /* Build configuration list for PBXNativeTarget "YUVToImage" */ = {
			isa = XCConfigurationList;
			buildConfigurations = (
				04E968EB1B60C461002FE69B /* Debug */,
				04E968EC1B60C461002FE69B /* Release */,
			);
			defaultConfigurationIsVisible = 0;
			defaultConfigurationName = Release;
		};
		04E968ED1B60C461002FE69B /* Build configuration list for PBXNativeTarget "YUVToImageTests" */ = {
			isa = XCConfigurationList;
			buildConfigurations = (
				04E968EE1B60C461002FE69B /* Debug */,
				04E968EF1B60C461002FE69B /* Release */,
			);
			defaultConfigurationIsVisible = 0;
			defaultConfigurationName = Release;
		};
/* End XCConfigurationList section */
	};
	rootObject = 04E968BF1B60C461002FE69B /* Project object */;
}
